
Microsoft Visual Studio Solution File, Format Version 12.00
# Visual Studio Version 17
VisualStudioVersion = 17.7.34018.315
MinimumVisualStudioVersion = 10.0.40219.1
Project("{FAE04EC0-301F-11D3-BF4B-00C04F79EFBC}") = "arrays_55_56_57_58", "arrays_55_56_57_58.csproj", "{CC4E7E49-C5FE-4913-B08A-23CE45706EAF}"
EndProject
Global
	GlobalSection(SolutionConfigurationPlatforms) = preSolution
		Debug|Any CPU = Debug|Any CPU
		Release|Any CPU = Release|Any CPU
	EndGlobalSection
	GlobalSection(ProjectConfigurationPlatforms) = postSolution
		{CC4E7E49-C5FE-4913-B08A-23CE45706EAF}.Debug|Any CPU.ActiveCfg = Debug|Any CPU
		{CC4E7E49-C5FE-4913-B08A-23CE45706EAF}.Debug|Any CPU.Build.0 = Debug|Any CPU
		{CC4E7E49-C5FE-4913-B08A-23CE45706EAF}.Release|Any CPU.ActiveCfg = Release|Any CPU
		{CC4E7E49-C5FE-4913-B08A-23CE45706EAF}.Release|Any CPU.Build.0 = Release|Any CPU
	EndGlobalSection
	GlobalSection(SolutionProperties) = preSolution
		HideSolutionNode = FALSE
	EndGlobalSection
	GlobalSection(ExtensibilityGlobals) = postSolution
		SolutionGuid = {5AA85748-E8B1-4CF3-8F5B-89F989395D7F}
	EndGlobalSection
EndGlobal
