
Microsoft Visual Studio Solution File, Format Version 12.00
# Visual Studio Version 17
VisualStudioVersion = 17.7.34018.315
MinimumVisualStudioVersion = 10.0.40219.1
Project("{FAE04EC0-301F-11D3-BF4B-00C04F79EFBC}") = "the first app", "the first app.csproj", "{1F9A8A4E-2FC5-4022-AF68-AF000057700B}"
EndProject
Global
	GlobalSection(SolutionConfigurationPlatforms) = preSolution
		Debug|Any CPU = Debug|Any CPU
		Release|Any CPU = Release|Any CPU
	EndGlobalSection
	GlobalSection(ProjectConfigurationPlatforms) = postSolution
		{1F9A8A4E-2FC5-4022-AF68-AF000057700B}.Debug|Any CPU.ActiveCfg = Debug|Any CPU
		{1F9A8A4E-2FC5-4022-AF68-AF000057700B}.Debug|Any CPU.Build.0 = Debug|Any CPU
		{1F9A8A4E-2FC5-4022-AF68-AF000057700B}.Release|Any CPU.ActiveCfg = Release|Any CPU
		{1F9A8A4E-2FC5-4022-AF68-AF000057700B}.Release|Any CPU.Build.0 = Release|Any CPU
	EndGlobalSection
	GlobalSection(SolutionProperties) = preSolution
		HideSolutionNode = FALSE
	EndGlobalSection
	GlobalSection(ExtensibilityGlobals) = postSolution
		SolutionGuid = {C7200A05-F750-47D0-BF61-E9DA64C58A4C}
	EndGlobalSection
EndGlobal
