
Microsoft Visual Studio Solution File, Format Version 12.00
# Visual Studio Version 17
VisualStudioVersion = 17.7.34024.191
MinimumVisualStudioVersion = 10.0.40219.1
Project("{9A19103F-16F7-4668-BE54-9A1E7A4F7556}") = "CSS_Compiler", "CSS_Compiler.csproj", "{BC6C66EC-C044-4FEE-8950-D76E8B6E424A}"
EndProject
Project("{2150E333-8FDC-42A3-9474-1A3956D46DE8}") = "Solution Items", "Solution Items", "{33DADFF2-1AA5-4136-ABC6-7173593BFECE}"
	ProjectSection(SolutionItems) = preProject
		.editorconfig = .editorconfig
	EndProjectSection
EndProject
Global
	GlobalSection(SolutionConfigurationPlatforms) = preSolution
		Debug|Any CPU = Debug|Any CPU
		Release|Any CPU = Release|Any CPU
	EndGlobalSection
	GlobalSection(ProjectConfigurationPlatforms) = postSolution
		{BC6C66EC-C044-4FEE-8950-D76E8B6E424A}.Debug|Any CPU.ActiveCfg = Debug|Any CPU
		{BC6C66EC-C044-4FEE-8950-D76E8B6E424A}.Debug|Any CPU.Build.0 = Debug|Any CPU
		{BC6C66EC-C044-4FEE-8950-D76E8B6E424A}.Release|Any CPU.ActiveCfg = Release|Any CPU
		{BC6C66EC-C044-4FEE-8950-D76E8B6E424A}.Release|Any CPU.Build.0 = Release|Any CPU
	EndGlobalSection
	GlobalSection(SolutionProperties) = preSolution
		HideSolutionNode = FALSE
	EndGlobalSection
	GlobalSection(ExtensibilityGlobals) = postSolution
		SolutionGuid = {27A2ECE5-F3DD-43E2-87DC-DBC35437A930}
	EndGlobalSection
EndGlobal
