
Microsoft Visual Studio Solution File, Format Version 12.00
# Visual Studio Version 17
VisualStudioVersion = 17.7.34018.315
MinimumVisualStudioVersion = 10.0.40219.1
Project("{FAE04EC0-301F-11D3-BF4B-00C04F79EFBC}") = "foreach_59", "foreach_59.csproj", "{8D39DBE8-9D0C-4F64-88C6-1DD4EDB58ABB}"
EndProject
Global
	GlobalSection(SolutionConfigurationPlatforms) = preSolution
		Debug|Any CPU = Debug|Any CPU
		Release|Any CPU = Release|Any CPU
	EndGlobalSection
	GlobalSection(ProjectConfigurationPlatforms) = postSolution
		{8D39DBE8-9D0C-4F64-88C6-1DD4EDB58ABB}.Debug|Any CPU.ActiveCfg = Debug|Any CPU
		{8D39DBE8-9D0C-4F64-88C6-1DD4EDB58ABB}.Debug|Any CPU.Build.0 = Debug|Any CPU
		{8D39DBE8-9D0C-4F64-88C6-1DD4EDB58ABB}.Release|Any CPU.ActiveCfg = Release|Any CPU
		{8D39DBE8-9D0C-4F64-88C6-1DD4EDB58ABB}.Release|Any CPU.Build.0 = Release|Any CPU
	EndGlobalSection
	GlobalSection(SolutionProperties) = preSolution
		HideSolutionNode = FALSE
	EndGlobalSection
	GlobalSection(ExtensibilityGlobals) = postSolution
		SolutionGuid = {550C39FC-00C1-4B25-8A89-FF323D26863A}
	EndGlobalSection
EndGlobal
